
Microsoft Visual Studio Solution File, Format Version 12.00
# Visual Studio Version 17
VisualStudioVersion = 17.8.34330.188
MinimumVisualStudioVersion = 10.0.40219.1
Project("{FAE04EC0-301F-11D3-BF4B-00C04F79EFBC}") = "WalletApp", "WalletApp.csproj", "{BEC534F9-9C6E-446C-A8B0-AEE87F92EC80}"
EndProject
Global
	GlobalSection(SolutionConfigurationPlatforms) = preSolution
		Debug|Any CPU = Debug|Any CPU
		Release|Any CPU = Release|Any CPU
	EndGlobalSection
	GlobalSection(ProjectConfigurationPlatforms) = postSolution
		{BEC534F9-9C6E-446C-A8B0-AEE87F92EC80}.Debug|Any CPU.ActiveCfg = Debug|Any CPU
		{BEC534F9-9C6E-446C-A8B0-AEE87F92EC80}.Debug|Any CPU.Build.0 = Debug|Any CPU
		{BEC534F9-9C6E-446C-A8B0-AEE87F92EC80}.Release|Any CPU.ActiveCfg = Release|Any CPU
		{BEC534F9-9C6E-446C-A8B0-AEE87F92EC80}.Release|Any CPU.Build.0 = Release|Any CPU
	EndGlobalSection
	GlobalSection(SolutionProperties) = preSolution
		HideSolutionNode = FALSE
	EndGlobalSection
	GlobalSection(ExtensibilityGlobals) = postSolution
		SolutionGuid = {8160E5F6-45FE-40B9-8EB8-EF5A1F41C5B3}
	EndGlobalSection
EndGlobal
